{
    "_meta": {
        "hash": {
            "sha256": "5bf916f2499d5d84705cace33bae3df664fdf76e08a9c52ae62bf6e1911f9682"
        },
        "pipfile-spec": 6,
        "requires": {
            "python_version": "3.9"
        },
        "sources": [
            {
                "name": "pypi",
                "url": "https://pypi.org/simple",
                "verify_ssl": true
            }
        ]
    },
    "default": {
        "simplejson": {
            "hashes": [
                "sha256:04e31fa6ac8e326480703fb6ded1488bfa6f1d3f760d32e29dbf66d0838982ce",
                "sha256:068670af975247acbb9fc3d5393293368cda17026db467bf7a51548ee8f17ee1",
                "sha256:07ecaafc1b1501f275bf5acdee34a4ad33c7c24ede287183ea77a02dc071e0c0",
                "sha256:0b4126cac7d69ac06ff22efd3e0b3328a4a70624fcd6bca4fc1b4e6d9e2e12bf",
                "sha256:0de783e9c2b87bdd75b57efa2b6260c24b94605b5c9843517577d40ee0c3cc8a",
                "sha256:12133863178a8080a3dccbf5cb2edfab0001bc41e5d6d2446af2a1131105adfe",
                "sha256:1c9b1ed7ed282b36571638297525f8ef80f34b3e2d600a56f962c6044f24200d",
                "sha256:23fe704da910ff45e72543cbba152821685a889cf00fc58d5c8ee96a9bad5f94",
                "sha256:28221620f4dcabdeac310846629b976e599a13f59abb21616356a85231ebd6ad",
                "sha256:35a49ebef25f1ebdef54262e54ae80904d8692367a9f208cdfbc38dbf649e00a",
                "sha256:37bc0cf0e5599f36072077e56e248f3336917ded1d33d2688624d8ed3cefd7d2",
                "sha256:3fe87570168b2ae018391e2b43fbf66e8593a86feccb4b0500d134c998983ccc",
                "sha256:3ff5b3464e1ce86a8de8c88e61d4836927d5595c2162cab22e96ff551b916e81",
                "sha256:401d40969cee3df7bda211e57b903a534561b77a7ade0dd622a8d1a31eaa8ba7",
                "sha256:4b6bd8144f15a491c662f06814bd8eaa54b17f26095bb775411f39bacaf66837",
                "sha256:4c09868ddb86bf79b1feb4e3e7e4a35cd6e61ddb3452b54e20cf296313622566",
                "sha256:4d1c135af0c72cb28dd259cf7ba218338f4dc027061262e46fe058b4e6a4c6a3",
                "sha256:4ff4ac6ff3aa8f814ac0f50bf218a2e1a434a17aafad4f0400a57a8cc62ef17f",
                "sha256:521877c7bd060470806eb6335926e27453d740ac1958eaf0d8c00911bc5e1802",
                "sha256:522fad7be85de57430d6d287c4b635813932946ebf41b913fe7e880d154ade2e",
                "sha256:5540fba2d437edaf4aa4fbb80f43f42a8334206ad1ad3b27aef577fd989f20d9",
                "sha256:5d6b4af7ad7e4ac515bc6e602e7b79e2204e25dbd10ab3aa2beef3c5a9cad2c7",
                "sha256:5decdc78849617917c206b01e9fc1d694fd58caa961be816cb37d3150d613d9a",
                "sha256:632ecbbd2228575e6860c9e49ea3cc5423764d5aa70b92acc4e74096fb434044",
                "sha256:65b998193bd7b0c7ecdfffbc825d808eac66279313cb67d8892bb259c9d91494",
                "sha256:67093a526e42981fdd954868062e56c9b67fdd7e712616cc3265ad0c210ecb51",
                "sha256:681eb4d37c9a9a6eb9b3245a5e89d7f7b2b9895590bb08a20aa598c1eb0a1d9d",
                "sha256:69bd56b1d257a91e763256d63606937ae4eb890b18a789b66951c00062afec33",
                "sha256:724c1fe135aa437d5126138d977004d165a3b5e2ee98fc4eb3e7c0ef645e7e27",
                "sha256:7255a37ff50593c9b2f1afa8fafd6ef5763213c1ed5a9e2c6f5b9cc925ab979f",
                "sha256:743cd768affaa508a21499f4858c5b824ffa2e1394ed94eb85caf47ac0732198",
                "sha256:80d3bc9944be1d73e5b1726c3bbfd2628d3d7fe2880711b1eb90b617b9b8ac70",
                "sha256:82ff356ff91be0ab2293fc6d8d262451eb6ac4fd999244c4b5f863e049ba219c",
                "sha256:8e8607d8f6b4f9d46fee11447e334d6ab50e993dd4dbfb22f674616ce20907ab",
                "sha256:97202f939c3ff341fc3fa84d15db86156b1edc669424ba20b0a1fcd4a796a045",
                "sha256:9b01e7b00654115965a206e3015f0166674ec1e575198a62a977355597c0bef5",
                "sha256:9fa621b3c0c05d965882c920347b6593751b7ab20d8fa81e426f1735ca1a9fc7",
                "sha256:a1aa6e4cae8e3b8d5321be4f51c5ce77188faf7baa9fe1e78611f93a8eed2882",
                "sha256:a2d30d6c1652140181dc6861f564449ad71a45e4f165a6868c27d36745b65d40",
                "sha256:a649d0f66029c7eb67042b15374bd93a26aae202591d9afd71e111dd0006b198",
                "sha256:a7854326920d41c3b5d468154318fe6ba4390cb2410480976787c640707e0180",
                "sha256:a89acae02b2975b1f8e4974cb8cdf9bf9f6c91162fb8dec50c259ce700f2770a",
                "sha256:a8bbdb166e2fb816e43ab034c865147edafe28e1b19c72433147789ac83e2dda",
                "sha256:ac786f6cb7aa10d44e9641c7a7d16d7f6e095b138795cd43503769d4154e0dc2",
                "sha256:b09bc62e5193e31d7f9876220fb429ec13a6a181a24d897b9edfbbdbcd678851",
                "sha256:b10556817f09d46d420edd982dd0653940b90151d0576f09143a8e773459f6fe",
                "sha256:b81076552d34c27e5149a40187a8f7e2abb2d3185576a317aaf14aeeedad862a",
                "sha256:bdfc54b4468ed4cd7415928cbe782f4d782722a81aeb0f81e2ddca9932632211",
                "sha256:cf6e7d5fe2aeb54898df18db1baf479863eae581cce05410f61f6b4188c8ada1",
                "sha256:cf98038d2abf63a1ada5730e91e84c642ba6c225b0198c3684151b1f80c5f8a6",
                "sha256:d24a9e61df7a7787b338a58abfba975414937b609eb6b18973e25f573bc0eeeb",
                "sha256:d74ee72b5071818a1a5dab47338e87f08a738cb938a3b0653b9e4d959ddd1fd9",
                "sha256:dd16302d39c4d6f4afde80edd0c97d4db643327d355a312762ccd9bd2ca515ed",
                "sha256:dd2fb11922f58df8528adfca123f6a84748ad17d066007e7ac977720063556bd",
                "sha256:deac4bdafa19bbb89edfb73b19f7f69a52d0b5bd3bb0c4ad404c1bbfd7b4b7fd",
                "sha256:e03c3b8cc7883a54c3f34a6a135c4a17bc9088a33f36796acdb47162791b02f6",
                "sha256:e1ec8a9ee0987d4524ffd6299e778c16cc35fef6d1a2764e609f90962f0b293a",
                "sha256:e8603e691580487f11306ecb066c76f1f4a8b54fb3bdb23fa40643a059509366",
                "sha256:f444762fed1bc1fd75187ef14a20ed900c1fbb245d45be9e834b822a0223bc81",
                "sha256:f63600ec06982cdf480899026f4fda622776f5fabed9a869fdb32d72bc17e99a",
                "sha256:fb62d517a516128bacf08cb6a86ecd39fb06d08e7c4980251f5d5601d29989ba"
            ],
            "index": "pypi",
            "version": "==3.17.6"
        }
    },
    "develop": {
        "appdirs": {
            "hashes": [
                "sha256:9e5896d1372858f8dd3344faf4e5014d21849c756c8d5701f78f8a103b372d92",
                "sha256:d8b24664561d0d34ddfaec54636d502d7cea6e29c3eaf68f3df6180863e2166e"
            ],
            "version": "==1.4.3"
        },
        "appnope": {
            "hashes": [
                "sha256:5b26757dc6f79a3b7dc9fab95359328d5747fcb2409d331ea66d0272b90ab2a0",
                "sha256:8b995ffe925347a2138d7ac0fe77155e4311a0ea6d6da4f5128fe4b3cbe5ed71"
            ],
            "markers": "sys_platform == 'darwin'",
            "version": "==0.1.0"
        },
        "backcall": {
            "hashes": [
                "sha256:5cbdbf27be5e7cfadb448baf0aa95508f91f2bbc6c6437cd9cd06e2a4c215e1e",
                "sha256:fbbce6a29f263178a1f7915c1940bde0ec2b2a967566fe1c65c1dfb7422bd255"
            ],
            "version": "==0.2.0"
        },
        "certifi": {
            "hashes": [
                "sha256:1a4995114262bffbc2413b159f2a1a480c969de6e6eb13ee966d470af86af59c",
                "sha256:719a74fb9e33b9bd44cc7f3a8d94bc35e4049deebe19ba7d8e108280cfd59830"
            ],
            "version": "==2020.12.5"
        },
        "chardet": {
            "hashes": [
                "sha256:84ab92ed1c4d4f16916e05906b6b75a6c0fb5db821cc65e70cbd64a3e2a5eaae",
                "sha256:fc323ffcaeaed0e0a02bf4d117757b98aed530d9ed4531e3e15460124c106691"
            ],
            "version": "==3.0.4"
        },
        "click": {
            "hashes": [
                "sha256:2335065e6395b9e67ca716de5f7526736bfa6ceead690adf616d925bdc622b13",
                "sha256:5b94b49521f6456670fdb30cd82a4eca9412788a93fa6dd6df72c94d5a8ff2d7"
            ],
            "index": "pypi",
            "version": "==7.0"
        },
        "decorator": {
            "hashes": [
                "sha256:86156361c50488b84a3f148056ea716ca587df2f0de1d34750d35c21312725de",
                "sha256:f069f3a01830ca754ba5258fde2278454a0b5b79e0d7f5c13b3b97e57d4acff6"
            ],
            "version": "==4.4.0"
        },
        "flask": {
            "hashes": [
                "sha256:4efa1ae2d7c9865af48986de8aeb8504bf32c7f3d6fdc9353d34b21f4b127060",
                "sha256:8a4fdd8936eba2512e9c85df320a37e694c93945b33ef33c89946a340a238557"
            ],
            "markers": "python_version >= '2.7' and python_version not in '3.0, 3.1, 3.2, 3.3, 3.4'",
            "version": "==1.1.2"
        },
        "flask-cors": {
            "hashes": [
                "sha256:7ad56ee3b90d4955148fc25a2ecaa1124fc84298471e266a7fea59aeac4405a5",
                "sha256:7e90bf225fdf163d11b84b59fb17594d0580a16b97ab4e1146b1fb2737c1cfec"
            ],
            "version": "==3.0.7"
        },
        "flask-graphql": {
            "hashes": [
                "sha256:b4e23dfd767f7028835208db0bfa7145f59467225882e6d4f560d15c09f32de8"
            ],
            "version": "==2.0.0"
        },
        "flask-shell-ipython": {
            "hashes": [
                "sha256:f212b4fad6831edf652799c719cd05fd0716edfaa5506eb41ff9ef09109890d3",
                "sha256:fb3b390f4dc03d7a960c62c5b51ce4deca19ceff77e4db3d4670012adc529ebd"
            ],
            "version": "==0.4.1"
        },
        "flask-sqlalchemy": {
            "hashes": [
                "sha256:3bc0fac969dd8c0ace01b32060f0c729565293302f0c4269beed154b46bec50b",
                "sha256:5971b9852b5888655f11db634e87725a9031e170f37c0ce7851cf83497f56e53"
            ],
            "version": "==2.3.2"
        },
        "graphene": {
            "hashes": [
                "sha256:0763563fdccb6817311f15d0f0a4d4fe820a46cbe5de022076f95cd99413fd0f",
                "sha256:698543001858c908c5e3526ddf38ae1d13049c6c1313ec3bb0afad02c81bd242"
            ],
            "version": "==2.0.1"
        },
        "graphene-sqlalchemy": {
            "hashes": [
                "sha256:9a7a8875894671273a88cd4ce2203a71fca88bbe3eb2590f902168a87ea9c1cd",
                "sha256:c62f158fc5224698eba973520d620fc0eb98bc0c6b4daad6495961872e9e4dba"
            ],
            "version": "==2.0.0"
        },
        "graphql-core": {
            "hashes": [
                "sha256:535585f0dc451fd3f3ef7df34781856e26d9effd5c50e677bae3cabfb883abc7",
                "sha256:c1b1a9f57434ef65bf5379c8a6b53755c2e7a38bd77bf01687f51c3361ac041b"
            ],
            "version": "==2.3"
        },
        "graphql-relay": {
            "hashes": [
                "sha256:2716b7245d97091af21abf096fabafac576905096d21ba7118fba722596f65db"
            ],
            "version": "==0.4.5"
        },
        "graphql-server-core": {
            "hashes": [
                "sha256:11fa8a434e1cd05d29709af29414b8b6f596925d26afe39eff33bd24a5f93605"
            ],
            "version": "==2.0.0"
        },
        "gunicorn": {
            "hashes": [
                "sha256:aa8e0b40b4157b36a5df5e599f45c9c76d6af43845ba3b3b0efe2c70473c2471",
                "sha256:fa2662097c66f920f53f70621c6c58ca4a3c4d3434205e608e121b5b3b71f4f3"
            ],
            "markers": "python_version >= '2.6' and python_version not in '3.0, 3.1, 3.2, 3.3'",
            "version": "==19.9.0"
        },
        "hivdb-graphql": {
            "editable": true,
            "path": "/Users/philip/gitrepo/hivdb-graphql"
        },
        "idna": {
            "hashes": [
                "sha256:c357b3f628cf53ae2c4c05627ecc484553142ca23264e593d327bcde5e9c3407",
                "sha256:ea8b7f6188e6fa117537c3df7da9fc686d485087abf6ac197f9c46432f7e4a3c"
            ],
            "version": "==2.8"
        },
        "ipython": {
            "hashes": [
                "sha256:54c5a8aa1eadd269ac210b96923688ccf01ebb2d0f21c18c3c717909583579a8",
                "sha256:e840810029224b56cd0d9e7719dc3b39cf84d577f8ac686547c8ba7a06eeab26"
            ],
            "markers": "python_version >= '3.5'",
            "version": "==7.5.0"
        },
        "ipython-genutils": {
            "hashes": [
                "sha256:72dd37233799e619666c9f639a9da83c34013a73e8bbc79a7a6348d93c61fab8",
                "sha256:eb2e116e75ecef9d4d228fdc66af54269afa26ab4463042e33785b887c628ba8"
            ],
            "version": "==0.2.0"
        },
        "iso8601": {
            "hashes": [
                "sha256:210e0134677cc0d02f6028087fee1df1e1d76d372ee1db0bf30bf66c5c1c89a3",
                "sha256:49c4b20e1f38aa5cf109ddcd39647ac419f928512c869dc01d5c7098eddede82",
                "sha256:bbbae5fb4a7abfe71d4688fd64bff70b91bbd74ef6a99d964bab18f7fdf286dd"
            ],
            "version": "==0.1.12"
        },
        "itsdangerous": {
            "hashes": [
                "sha256:321b033d07f2a4136d3ec762eac9f16a10ccd60f53c0c91af90217ace7ba1f19",
                "sha256:b12271b2047cb23eeb98c8b5622e2e5c5e9abd9784a153e9d8ef9cb4dd09d749"
            ],
            "markers": "python_version >= '2.7' and python_version not in '3.0, 3.1, 3.2, 3.3'",
            "version": "==1.1.0"
        },
        "jedi": {
            "hashes": [
                "sha256:2bb0603e3506f708e792c7f4ad8fc2a7a9d9c2d292a358fbbd58da531695595b",
                "sha256:2c6bcd9545c7d6440951b12b44d373479bf18123a401a52025cf98563fbd826c"
            ],
            "markers": "python_version >= '2.7' and python_version not in '3.0, 3.1, 3.2, 3.3'",
            "version": "==0.13.3"
        },
        "jinja2": {
            "hashes": [
                "sha256:065c4f02ebe7f7cf559e49ee5a95fb800a9e4528727aec6f24402a5374c65013",
                "sha256:14dd6caf1527abb21f08f86c784eac40853ba93edb79552aa1e4b8aef1b61c7b"
            ],
            "version": "==2.10.1"
        },
        "lxml": {
            "hashes": [
                "sha256:00f3a6f88fd5f4357844dd91a1abac5f466c6799f1b7f1da2df6665253845b11",
                "sha256:024684e0c5cfa121c22140d3a0898a3a9b2ea0f0fd2c229b6658af4bdf1155e5",
                "sha256:03370ec37fe562238d385e2c53089076dee53aabf8325cab964fdb04a9130fa0",
                "sha256:0aa4cce579512c33373ca4c5e23c21e40c1aa1a33533a75e51b654834fd0e4f2",
                "sha256:1057356b808d149bc14eb8f37bb89129f237df488661c1e0fc0376ca90e1d2c3",
                "sha256:11d62c97ceff9bab94b6b29c010ea5fb6831743459bb759c917f49ba75601cd0",
                "sha256:1254a79f8a67a3908de725caf59eae62d86738f6387b0a34b32e02abd6ae73db",
                "sha256:1bfb791a8fcdbf55d1d41b8be940393687bec0e9b12733f0796668086d1a23ff",
                "sha256:28cf04a1a38e961d4a764d2940af9b941b66263ed5584392ef875ee9c1e360a3",
                "sha256:2b9c2341d96926b0d0e132e5c49ef85eb53fa92ae1c3a70f9072f3db0d32bc07",
                "sha256:2d10659e6e5c53298e6d718fd126e793285bff904bb71d7239a17218f6a197b7",
                "sha256:3af00ee88376022589ceeb8170eb67dacf5f7cd625ea59fa0977d719777d4ae8",
                "sha256:3cf816aed8125cfc9e6e5c6c31ff94278320d591bd7970c4a0233bee0d1c8790",
                "sha256:4becd16750ca5c2a1b1588269322b2cebd10c07738f336c922b658dbab96a61c",
                "sha256:4cd69bca464e892ea4ed544ba6a7850aaff6f8d792f8055a10638db60acbac18",
                "sha256:4e97c8fc761ad63909198acc892f34c20f37f3baa2c50a62d5ec5d7f1efc68a1",
                "sha256:520461c36727268a989790aef08884347cd41f2d8ae855489ccf40b50321d8d7",
                "sha256:53b0410b220766321759f7f9066da67b1d0d4a7f6636a477984cbb1d98483955",
                "sha256:56e19fb6e4b8bd07fb20028d03d3bc67bcc0621347fbde64f248e44839771756",
                "sha256:5a49ad78543925e1a4196e20c9c54492afa4f1502c2a563f73097e2044c75190",
                "sha256:5d52e1173f52020392f593f87a6af2d4055dd800574a5cb0af4ea3878801d307",
                "sha256:607224ffae9a0cf0a2f6e14f5f6bce43e83a6fbdaa647891729c103bdd6a5593",
                "sha256:612ef8f2795a89ba3a1d4c8c1af84d8453fd53ee611aa5ad460fdd2cab426fc2",
                "sha256:615886ee84b6f42f1bdf1852a9669b5fe3b96b6ff27f1a7a330b67ad9911200a",
                "sha256:63419db39df8dc5564f6f103102c4665f7e4d9cb64030e98cf7a74eae5d5760d",
                "sha256:6467626fa74f96f4d80fc6ec2555799e97fff8f36e0bfc7f67769f83e59cff40",
                "sha256:65b3b5f12c6fb5611e79157214f3cd533083f9b058bf2fc8a1c5cc5ee40fdc5a",
                "sha256:686565ac77ff94a8965c11829af253d9e2ce3bf0d9225b1d2eb5c4d4666d0dca",
                "sha256:6af7f51a6010748fc1bb71917318d953c9673e4ae3f6d285aaf93ef5b2eb11c1",
                "sha256:70a198030d26f5e569367f0f04509b63256faa76a22886280eea69a4f535dd40",
                "sha256:754a1dd04bff8a509a31146bd8f3a5dc8191a8694d582dd5fb71ff09f0722c22",
                "sha256:75da29a0752c8f2395df0115ac1681cefbdd4418676015be8178b733704cbff2",
                "sha256:81c29c8741fa07ecec8ec7417c3d8d1e2f18cf5a10a280f4e1c3f8c3590228b2",
                "sha256:9093a359a86650a3dbd6532c3e4d21a6f58ba2cb60d0e72db0848115d24c10ba",
                "sha256:915ecf7d486df17cc65aeefdb680d5ad4390cc8c857cf8db3fe241ed234f856a",
                "sha256:94b181dd2777890139e49a5336bf3a9a3378ce66132c665fe8db4e8b7683cde2",
                "sha256:94f2e45b054dd759bed137b6e14ae8625495f7d90ddd23cf62c7a68f72b62656",
                "sha256:9af19eb789d674b59a9bee5005779757aab857c40bf9cc313cb01eafac55ce55",
                "sha256:9cae837b988f44925d14d048fa6a8c54f197c8b1223fd9ee9c27084f84606143",
                "sha256:aa7447bf7c1a15ef24e2b86a277b585dd3f055e8890ac7f97374d170187daa97",
                "sha256:b1e22f3ee4d75ca261b6bffbf64f6f178cb194b1be3191065a09f8d98828daa9",
                "sha256:b5031d151d6147eac53366d6ec87da84cd4d8c5e80b1d9948a667a7164116e39",
                "sha256:b62d1431b4c40cda43cc986f19b8c86b1d2ae8918cfc00f4776fdf070b65c0c4",
                "sha256:b71c52d69b91af7d18c13aef1b0cc3baee36b78607c711eb14a52bf3aa7c815e",
                "sha256:b7679344f2270840dc5babc9ccbedbc04f7473c1f66d4676bb01680c0db85bcc",
                "sha256:bb7c1b029e54e26e01b1d1d912fc21abb65650d16ea9a191d026def4ed0859ed",
                "sha256:c2a57755e366e0ac7ebdb3e9207f159c3bf1afed02392ab18453ce81f5ee92ee",
                "sha256:cf9ec915857d260511399ab87e1e70fa13d6b2972258f8e620a3959468edfc32",
                "sha256:d0d03b9636f1326772e6854459728676354d4c7731dae9902b180e2065ba3da6",
                "sha256:d1690c4d37674a5f0cdafbc5ed7e360800afcf06928c2a024c779c046891bf09",
                "sha256:d76da27f5e3e9bc40eba6ed7a9e985f57547e98cf20521d91215707f2fb57e0f",
                "sha256:d882c2f3345261e898b9f604be76b61c901fbfa4ac32e3f51d5dc1edc89da3cb",
                "sha256:d8e5021e770b0a3084c30dda5901d5fce6d4474feaf0ced8f8e5a82702502fbb",
                "sha256:dd00d28d1ab5fa7627f5abc957f29a6338a7395b724571a8cbff8fbed83aaa82",
                "sha256:e35a298691b9e10e5a5631f8f0ba605b30ebe19208dc8f58b670462f53753641",
                "sha256:e4d020ecf3740b7312bacab2cb966bb720fd4d3490562d373b4ad91dd1857c0d",
                "sha256:e564d5a771b4015f34166a05ea2165b7e283635c41b1347696117f780084b46d",
                "sha256:ea3f2e9eb41f973f73619e88bf7bd950b16b4c2ce73d15f24a11800ce1eaf276",
                "sha256:eabdbe04ee0a7e760fa6cd9e799d2b020d098c580ba99107d52e1e5e538b1ecb",
                "sha256:f17b9df97c5ecdfb56c5e85b3c9df9831246df698f8581c6e111ac664c7c656e",
                "sha256:f386def57742aacc3d864169dfce644a8c396f95aa35b41b69df53f558d56dd0",
                "sha256:f6d23a01921b741774f35e924d418a43cf03eca1444f3fdfd7978d35a5aaab8b",
                "sha256:fcdf70191f0d1761d190a436db06a46f05af60e1410e1507935f0332280c9268"
            ],
            "index": "pypi",
            "version": "==4.9.0"
        },
        "mako": {
            "hashes": [
                "sha256:0728c404877cd4ca72c409c0ea372dc5f3b53fa1ad2bb434e1d216c0444ff1fd"
            ],
            "markers": "python_version >= '2.6'",
            "version": "==1.0.9"
        },
        "markupsafe": {
            "hashes": [
                "sha256:00bc623926325b26bb9605ae9eae8a215691f33cae5df11ca5424f06f2d1f473",
                "sha256:09027a7803a62ca78792ad89403b1b7a73a01c8cb65909cd876f7fcebd79b161",
                "sha256:09c4b7f37d6c648cb13f9230d847adf22f8171b1ccc4d5682398e77f40309235",
                "sha256:1027c282dad077d0bae18be6794e6b6b8c91d58ed8a8d89a89d59693b9131db5",
                "sha256:13d3144e1e340870b25e7b10b98d779608c02016d5184cfb9927a9f10c689f42",
                "sha256:195d7d2c4fbb0ee8139a6cf67194f3973a6b3042d742ebe0a9ed36d8b6f0c07f",
                "sha256:22c178a091fc6630d0d045bdb5992d2dfe14e3259760e713c490da5323866c39",
                "sha256:24982cc2533820871eba85ba648cd53d8623687ff11cbb805be4ff7b4c971aff",
                "sha256:29872e92839765e546828bb7754a68c418d927cd064fd4708fab9fe9c8bb116b",
                "sha256:2beec1e0de6924ea551859edb9e7679da6e4870d32cb766240ce17e0a0ba2014",
                "sha256:3b8a6499709d29c2e2399569d96719a1b21dcd94410a586a18526b143ec8470f",
                "sha256:43a55c2930bbc139570ac2452adf3d70cdbb3cfe5912c71cdce1c2c6bbd9c5d1",
                "sha256:46c99d2de99945ec5cb54f23c8cd5689f6d7177305ebff350a58ce5f8de1669e",
                "sha256:500d4957e52ddc3351cabf489e79c91c17f6e0899158447047588650b5e69183",
                "sha256:535f6fc4d397c1563d08b88e485c3496cf5784e927af890fb3c3aac7f933ec66",
                "sha256:596510de112c685489095da617b5bcbbac7dd6384aeebeda4df6025d0256a81b",
                "sha256:62fe6c95e3ec8a7fad637b7f3d372c15ec1caa01ab47926cfdf7a75b40e0eac1",
                "sha256:6788b695d50a51edb699cb55e35487e430fa21f1ed838122d722e0ff0ac5ba15",
                "sha256:6dd73240d2af64df90aa7c4e7481e23825ea70af4b4922f8ede5b9e35f78a3b1",
                "sha256:6f1e273a344928347c1290119b493a1f0303c52f5a5eae5f16d74f48c15d4a85",
                "sha256:6fffc775d90dcc9aed1b89219549b329a9250d918fd0b8fa8d93d154918422e1",
                "sha256:717ba8fe3ae9cc0006d7c451f0bb265ee07739daf76355d06366154ee68d221e",
                "sha256:79855e1c5b8da654cf486b830bd42c06e8780cea587384cf6545b7d9ac013a0b",
                "sha256:7c1699dfe0cf8ff607dbdcc1e9b9af1755371f92a68f706051cc8c37d447c905",
                "sha256:7fed13866cf14bba33e7176717346713881f56d9d2bcebab207f7a036f41b850",
                "sha256:84dee80c15f1b560d55bcfe6d47b27d070b4681c699c572af2e3c7cc90a3b8e0",
                "sha256:88e5fcfb52ee7b911e8bb6d6aa2fd21fbecc674eadd44118a9cc3863f938e735",
                "sha256:8defac2f2ccd6805ebf65f5eeb132adcf2ab57aa11fdf4c0dd5169a004710e7d",
                "sha256:98bae9582248d6cf62321dcb52aaf5d9adf0bad3b40582925ef7c7f0ed85fceb",
                "sha256:98c7086708b163d425c67c7a91bad6e466bb99d797aa64f965e9d25c12111a5e",
                "sha256:9add70b36c5666a2ed02b43b335fe19002ee5235efd4b8a89bfcf9005bebac0d",
                "sha256:9bf40443012702a1d2070043cb6291650a0841ece432556f784f004937f0f32c",
                "sha256:a6a744282b7718a2a62d2ed9d993cad6f5f585605ad352c11de459f4108df0a1",
                "sha256:acf08ac40292838b3cbbb06cfe9b2cb9ec78fce8baca31ddb87aaac2e2dc3bc2",
                "sha256:ade5e387d2ad0d7ebf59146cc00c8044acbd863725f887353a10df825fc8ae21",
                "sha256:b00c1de48212e4cc9603895652c5c410df699856a2853135b3967591e4beebc2",
                "sha256:b1282f8c00509d99fef04d8ba936b156d419be841854fe901d8ae224c59f0be5",
                "sha256:b1dba4527182c95a0db8b6060cc98ac49b9e2f5e64320e2b56e47cb2831978c7",
                "sha256:b2051432115498d3562c084a49bba65d97cf251f5a331c64a12ee7e04dacc51b",
                "sha256:b7d644ddb4dbd407d31ffb699f1d140bc35478da613b441c582aeb7c43838dd8",
                "sha256:ba59edeaa2fc6114428f1637ffff42da1e311e29382d81b339c1817d37ec93c6",
                "sha256:bf5aa3cbcfdf57fa2ee9cd1822c862ef23037f5c832ad09cfea57fa846dec193",
                "sha256:c8716a48d94b06bb3b2524c2b77e055fb313aeb4ea620c8dd03a105574ba704f",
                "sha256:caabedc8323f1e93231b52fc32bdcde6db817623d33e100708d9a68e1f53b26b",
                "sha256:cd5df75523866410809ca100dc9681e301e3c27567cf498077e8551b6d20e42f",
                "sha256:cdb132fc825c38e1aeec2c8aa9338310d29d337bebbd7baa06889d09a60a1fa2",
                "sha256:d53bc011414228441014aa71dbec320c66468c1030aae3a6e29778a3382d96e5",
                "sha256:d73a845f227b0bfe8a7455ee623525ee656a9e2e749e4742706d80a6065d5e2c",
                "sha256:d9be0ba6c527163cbed5e0857c451fcd092ce83947944d6c14bc95441203f032",
                "sha256:e249096428b3ae81b08327a63a485ad0878de3fb939049038579ac0ef61e17e7",
                "sha256:e8313f01ba26fbbe36c7be1966a7b7424942f670f38e666995b88d012765b9be",
                "sha256:feb7b34d6325451ef96bc0e36e1a6c0c1c64bc1fbec4b854f4529e51887b1621"
            ],
            "markers": "python_version >= '2.7' and python_version not in '3.0, 3.1, 3.2, 3.3'",
            "version": "==1.1.1"
        },
        "multidict": {
            "hashes": [
                "sha256:024b8129695a952ebd93373e45b5d341dbb87c17ce49637b34000093f243dd4f",
                "sha256:041e9442b11409be5e4fc8b6a97e4bcead758ab1e11768d1e69160bdde18acc3",
                "sha256:045b4dd0e5f6121e6f314d81759abd2c257db4634260abcfe0d3f7083c4908ef",
                "sha256:047c0a04e382ef8bd74b0de01407e8d8632d7d1b4db6f2561106af812a68741b",
                "sha256:068167c2d7bbeebd359665ac4fff756be5ffac9cda02375b5c5a7c4777038e73",
                "sha256:148ff60e0fffa2f5fad2eb25aae7bef23d8f3b8bdaf947a65cdbe84a978092bc",
                "sha256:1d1c77013a259971a72ddaa83b9f42c80a93ff12df6a4723be99d858fa30bee3",
                "sha256:1d48bc124a6b7a55006d97917f695effa9725d05abe8ee78fd60d6588b8344cd",
                "sha256:31dfa2fc323097f8ad7acd41aa38d7c614dd1960ac6681745b6da124093dc351",
                "sha256:34f82db7f80c49f38b032c5abb605c458bac997a6c3142e0d6c130be6fb2b941",
                "sha256:3d5dd8e5998fb4ace04789d1d008e2bb532de501218519d70bb672c4c5a2fc5d",
                "sha256:4a6ae52bd3ee41ee0f3acf4c60ceb3f44e0e3bc52ab7da1c2b2aa6703363a3d1",
                "sha256:4b02a3b2a2f01d0490dd39321c74273fed0568568ea0e7ea23e02bd1fb10a10b",
                "sha256:4b843f8e1dd6a3195679d9838eb4670222e8b8d01bc36c9894d6c3538316fa0a",
                "sha256:5de53a28f40ef3c4fd57aeab6b590c2c663de87a5af76136ced519923d3efbb3",
                "sha256:61b2b33ede821b94fa99ce0b09c9ece049c7067a33b279f343adfe35108a4ea7",
                "sha256:6a3a9b0f45fd75dc05d8e93dc21b18fc1670135ec9544d1ad4acbcf6b86781d0",
                "sha256:76ad8e4c69dadbb31bad17c16baee61c0d1a4a73bed2590b741b2e1a46d3edd0",
                "sha256:7ba19b777dc00194d1b473180d4ca89a054dd18de27d0ee2e42a103ec9b7d014",
                "sha256:7c1b7eab7a49aa96f3db1f716f0113a8a2e93c7375dd3d5d21c4941f1405c9c5",
                "sha256:7fc0eee3046041387cbace9314926aa48b681202f8897f8bff3809967a049036",
                "sha256:8ccd1c5fff1aa1427100ce188557fc31f1e0a383ad8ec42c559aabd4ff08802d",
                "sha256:8e08dd76de80539d613654915a2f5196dbccc67448df291e69a88712ea21e24a",
                "sha256:c18498c50c59263841862ea0501da9f2b3659c00db54abfbf823a80787fde8ce",
                "sha256:c49db89d602c24928e68c0d510f4fcf8989d77defd01c973d6cbe27e684833b1",
                "sha256:ce20044d0317649ddbb4e54dab3c1bcc7483c78c27d3f58ab3d0c7e6bc60d26a",
                "sha256:d1071414dd06ca2eafa90c85a079169bfeb0e5f57fd0b45d44c092546fcd6fd9",
                "sha256:d3be11ac43ab1a3e979dac80843b42226d5d3cccd3986f2e03152720a4297cd7",
                "sha256:db603a1c235d110c860d5f39988ebc8218ee028f07a7cbc056ba6424372ca31b"
            ],
            "markers": "python_full_version >= '3.4.1'",
            "version": "==4.5.2"
        },
        "mypy": {
            "hashes": [
                "sha256:0ebfb3f414204b98c06791af37a3a96772203da60636e2897408517fcfeee7a8",
                "sha256:239d6b2242d6c7f5822163ee082ef7a28ee02e7ac86c35593ef923796826a385",
                "sha256:29dc94d9215c3eb80ac3c2ad29d0c22628accfb060348fd23d73abe3ace6c10d",
                "sha256:2c7f8bb9619290836a4e167e2ef1f2cf14d70e0bc36c04441e41487456561409",
                "sha256:33d53a232bb79057f33332dbbb6393e68acbcb776d2f571ba4b1d50a2c8ba873",
                "sha256:3a3e525cd76c2c4f90f1449fd034ba21fcca68050ff7c8397bb7dd25dd8b8248",
                "sha256:3eabcbd2525f295da322dff8175258f3fc4c3eb53f6d1929644ef4d99b92e72d",
                "sha256:481f98c6b24383188c928f33dd2f0776690807e12e9989dd0419edd5c74aa53b",
                "sha256:7a76dc4f91e92db119b1be293892df8379b08fd31795bb44e0ff84256d34c251",
                "sha256:7d390248ec07fa344b9f365e6ed9d205bd0205e485c555bed37c4235c868e9d5",
                "sha256:826a2917c275e2ee05b7c7b736c1e6549a35b7ea5a198ca457f8c2ebea2cbecf",
                "sha256:85cf2b14d32b61db24ade8ac9ae7691bdfc572a403e3cb8537da936e74713275",
                "sha256:8d645e9e7f7a5da3ec3bbcc314ebb9bb22c7ce39e70367830eb3c08d0140b9ce",
                "sha256:925aa84369a07846b7f3b8556ccade1f371aa554f2bd4fb31cb97a24b73b036e",
                "sha256:a85a20b43fa69efc0b955eba1db435e2ffecb1ca695fe359768e0503b91ea89f",
                "sha256:bfd4f6536bd384c27c392a8b8f790fd0ed5c0cf2f63fc2fed7bce56751d53026",
                "sha256:cb7752b24528c118a7403ee955b6a578bfcf5879d5ee91790667c8ea511d2085",
                "sha256:cc537885891382e08129d9862553b3d00d4be3eb15b8cae9e2466452f52b0117",
                "sha256:d4fccf04c1acf750babd74252e0f2db6bd2ac3aa8fe960797d9f3ef41cf2bfd4",
                "sha256:f1ba54d440d4feee49d8768ea952137316d454b15301c44403db3f2cb51af024",
                "sha256:f47322796c412271f5aea48381a528a613f33e0a115452d03ae35d673e6064f8",
                "sha256:fbfb873cf2b8d8c3c513367febde932e061a5f73f762896826ba06391d932b2a",
                "sha256:ffdad80a92c100d1b0fe3d3cf1a4724136029a29afe8566404c0146747114382"
            ],
            "index": "pypi",
            "version": "==0.960"
        },
        "mypy-extensions": {
            "hashes": [
                "sha256:090fedd75945a69ae91ce1303b5824f428daf5a028d2f6ab8a299250a846f15d",
                "sha256:2d82818f5bb3e369420cb3c4060a7970edba416647068eb4c5343488a6c604a8"
            ],
            "version": "==0.4.3"
        },
        "parso": {
            "hashes": [
                "sha256:12b83492c6239ce32ff5eed6d3639d6a536170723c6f3f1506869f1ace413398",
                "sha256:a8c4922db71e4fdb90e0d0bc6e50f9b273d3397925e5e60a717e719201778d22"
            ],
            "markers": "python_version >= '3.6'",
            "version": "==0.8.2"
        },
        "pexpect": {
            "hashes": [
                "sha256:2094eefdfcf37a1fdbfb9aa090862c1a4878e5c7e0e7e7088bdb511c558e5cd1",
                "sha256:9e2c1fd0e6ee3a49b28f95d4b33bc389c89b20af6a1255906e90ff1262ce62eb"
            ],
            "markers": "sys_platform != 'win32'",
            "version": "==4.7.0"
        },
        "pickleshare": {
            "hashes": [
                "sha256:87683d47965c1da65cdacaf31c8441d12b8044cdec9aca500cd78fc2c683afca",
                "sha256:9649af414d74d4df115d5d718f82acb59c9d418196b7b4290ed47a12ce62df56"
            ],
            "version": "==0.7.5"
        },
        "promise": {
            "hashes": [
                "sha256:dfd18337c523ba4b6a58801c164c1904a9d4d1b1747c7d5dbf45b693a49d93d0"
            ],
            "version": "==2.3"
        },
        "prompt-toolkit": {
            "hashes": [
                "sha256:11adf3389a996a6d45cc277580d0d53e8a5afd281d0c9ec71b28e6f121463780",
                "sha256:2519ad1d8038fd5fc8e770362237ad0364d16a7650fb5724af6997ed5515e3c1",
                "sha256:977c6583ae813a37dc1c2e1b715892461fcbdaa57f6fc62f33a528c4886c8f55"
            ],
            "version": "==2.0.9"
        },
        "ptyprocess": {
            "hashes": [
                "sha256:923f299cc5ad920c68f2bc0bc98b75b9f838b93b599941a6b63ddbc2476394c0",
                "sha256:d7cc528d76e76342423ca640335bd3633420dc1366f258cb31d05e865ef5ca1f"
            ],
            "version": "==0.6.0"
        },
        "pygments": {
            "hashes": [
                "sha256:5ffada19f6203563680669ee7f53b64dabbeb100eb51b61996085e99c03b284a",
                "sha256:e8218dd399a61674745138520d0d4cf2621d7e032439341bc3f647bff125818d"
            ],
            "version": "==2.3.1"
        },
        "pymysql": {
            "hashes": [
                "sha256:3943fbbbc1e902f41daf7f9165519f140c4451c179380677e6a848587042561a",
                "sha256:d8c059dcd81dedb85a9f034d5e22dcb4442c0b201908bede99e306d65ea7c8e7"
            ],
            "index": "pypi",
            "version": "==0.9.3"
        },
        "pyparsing": {
            "hashes": [
                "sha256:1873c03321fc118f4e9746baf201ff990ceb915f433f23b395f5580d1840cb2a",
                "sha256:9b6323ef4ab914af344ba97510e966d64ba91055d6b9afa6b30799340e89cc03"
            ],
            "markers": "python_version >= '2.6' and python_version not in '3.0, 3.1, 3.2, 3.3'",
            "version": "==2.4.0"
        },
        "python-editor": {
            "hashes": [
                "sha256:1bf6e860a8ad52a14c3ee1252d5dc25b2030618ed80c022598f00176adc8367d",
                "sha256:51fda6bcc5ddbbb7063b2af7509e43bd84bfc32a4ff71349ec7847713882327b",
                "sha256:5f98b069316ea1c2ed3f67e7f5df6c0d8f10b689964a4a811ff64f0106819ec8",
                "sha256:c3da2053dbab6b29c94e43c486ff67206eafbe7eb52dbec7390b5e2fb05aac77",
                "sha256:ea87e17f6ec459e780e4221f295411462e0d0810858e055fc514684350a2f522"
            ],
            "version": "==1.0.4"
        },
        "pyyaml": {
            "hashes": [
                "sha256:0283c35a6a9fbf047493e3a0ce8d79ef5030852c51e9d911a27badfde0605293",
                "sha256:055d937d65826939cb044fc8c9b08889e8c743fdc6a32b33e2390f66013e449b",
                "sha256:07751360502caac1c067a8132d150cf3d61339af5691fe9e87803040dbc5db57",
                "sha256:0b4624f379dab24d3725ffde76559cff63d9ec94e1736b556dacdfebe5ab6d4b",
                "sha256:0ce82d761c532fe4ec3f87fc45688bdd3a4c1dc5e0b4a19814b9009a29baefd4",
                "sha256:1e4747bc279b4f613a09eb64bba2ba602d8a6664c6ce6396a4d0cd413a50ce07",
                "sha256:213c60cd50106436cc818accf5baa1aba61c0189ff610f64f4a3e8c6726218ba",
                "sha256:231710d57adfd809ef5d34183b8ed1eeae3f76459c18fb4a0b373ad56bedcdd9",
                "sha256:277a0ef2981ca40581a47093e9e2d13b3f1fbbeffae064c1d21bfceba2030287",
                "sha256:2cd5df3de48857ed0544b34e2d40e9fac445930039f3cfe4bcc592a1f836d513",
                "sha256:40527857252b61eacd1d9af500c3337ba8deb8fc298940291486c465c8b46ec0",
                "sha256:473f9edb243cb1935ab5a084eb238d842fb8f404ed2193a915d1784b5a6b5fc0",
                "sha256:48c346915c114f5fdb3ead70312bd042a953a8ce5c7106d5bfb1a5254e47da92",
                "sha256:50602afada6d6cbfad699b0c7bb50d5ccffa7e46a3d738092afddc1f9758427f",
                "sha256:68fb519c14306fec9720a2a5b45bc9f0c8d1b9c72adf45c37baedfcd949c35a2",
                "sha256:77f396e6ef4c73fdc33a9157446466f1cff553d979bd00ecb64385760c6babdc",
                "sha256:819b3830a1543db06c4d4b865e70ded25be52a2e0631ccd2f6a47a2822f2fd7c",
                "sha256:897b80890765f037df3403d22bab41627ca8811ae55e9a722fd0392850ec4d86",
                "sha256:98c4d36e99714e55cfbaaee6dd5badbc9a1ec339ebfc3b1f52e293aee6bb71a4",
                "sha256:9df7ed3b3d2e0ecfe09e14741b857df43adb5a3ddadc919a2d94fbdf78fea53c",
                "sha256:9fa600030013c4de8165339db93d182b9431076eb98eb40ee068700c9c813e34",
                "sha256:a80a78046a72361de73f8f395f1f1e49f956c6be882eed58505a15f3e430962b",
                "sha256:b3d267842bf12586ba6c734f89d1f5b871df0273157918b0ccefa29deb05c21c",
                "sha256:b5b9eccad747aabaaffbc6064800670f0c297e52c12754eb1d976c57e4f74dcb",
                "sha256:c5687b8d43cf58545ade1fe3e055f70eac7a5a1a0bf42824308d868289a95737",
                "sha256:cba8c411ef271aa037d7357a2bc8f9ee8b58b9965831d9e51baf703280dc73d3",
                "sha256:d15a181d1ecd0d4270dc32edb46f7cb7733c7c508857278d3d378d14d606db2d",
                "sha256:d4db7c7aef085872ef65a8fd7d6d09a14ae91f691dec3e87ee5ee0539d516f53",
                "sha256:d4eccecf9adf6fbcc6861a38015c2a64f38b9d94838ac1810a9023a0609e1b78",
                "sha256:d67d839ede4ed1b28a4e8909735fc992a923cdb84e618544973d7dfc71540803",
                "sha256:daf496c58a8c52083df09b80c860005194014c3698698d1a57cbcfa182142a3a",
                "sha256:e61ceaab6f49fb8bdfaa0f92c4b57bcfbea54c09277b1b4f7ac376bfb7a7c174",
                "sha256:f84fbc98b019fef2ee9a1cb3ce93e3187a6df0b2538a651bfb890254ba9f90b5"
            ],
            "index": "pypi",
            "version": "==6.0"
        },
        "requests": {
            "hashes": [
                "sha256:502a824f31acdacb3a35b6690b5fbf0bc41d63a24a45c4004352b0242707598e",
                "sha256:7bf2a778576d825600030a110f3c0e3e8edc51dfaafe1c146e39a2027784957b"
            ],
            "markers": "python_version >= '2.7' and python_version not in '3.0, 3.1, 3.2, 3.3'",
            "version": "==2.21.0"
        },
        "rx": {
            "hashes": [
                "sha256:13a1d8d9e252625c173dc795471e614eadfe1cf40ffc684e08b8fff0d9748c23",
                "sha256:7357592bc7e881a95e0c2013b73326f704953301ab551fbc8133a6fadab84105"
            ],
            "version": "==1.6.1"
        },
        "setuptools": {
            "hashes": [
                "sha256:68e45d17c9281ba25dc0104eadd2647172b3472d9e01f911efa57965e8d51a36",
                "sha256:a43bdedf853c670e5fed28e5623403bad2f73cf02f9a2774e91def6bda8265a7"
            ],
            "markers": "python_version >= '3.7'",
            "version": "==62.3.2"
        },
        "simplegeneric": {
            "hashes": [
                "sha256:dc972e06094b9af5b855b3df4a646395e43d1c9d0d39ed345b7393560d0b9173"
            ],
            "version": "==0.8.1"
        },
        "simplejson": {
            "hashes": [
                "sha256:04e31fa6ac8e326480703fb6ded1488bfa6f1d3f760d32e29dbf66d0838982ce",
                "sha256:068670af975247acbb9fc3d5393293368cda17026db467bf7a51548ee8f17ee1",
                "sha256:07ecaafc1b1501f275bf5acdee34a4ad33c7c24ede287183ea77a02dc071e0c0",
                "sha256:0b4126cac7d69ac06ff22efd3e0b3328a4a70624fcd6bca4fc1b4e6d9e2e12bf",
                "sha256:0de783e9c2b87bdd75b57efa2b6260c24b94605b5c9843517577d40ee0c3cc8a",
                "sha256:12133863178a8080a3dccbf5cb2edfab0001bc41e5d6d2446af2a1131105adfe",
                "sha256:1c9b1ed7ed282b36571638297525f8ef80f34b3e2d600a56f962c6044f24200d",
                "sha256:23fe704da910ff45e72543cbba152821685a889cf00fc58d5c8ee96a9bad5f94",
                "sha256:28221620f4dcabdeac310846629b976e599a13f59abb21616356a85231ebd6ad",
                "sha256:35a49ebef25f1ebdef54262e54ae80904d8692367a9f208cdfbc38dbf649e00a",
                "sha256:37bc0cf0e5599f36072077e56e248f3336917ded1d33d2688624d8ed3cefd7d2",
                "sha256:3fe87570168b2ae018391e2b43fbf66e8593a86feccb4b0500d134c998983ccc",
                "sha256:3ff5b3464e1ce86a8de8c88e61d4836927d5595c2162cab22e96ff551b916e81",
                "sha256:401d40969cee3df7bda211e57b903a534561b77a7ade0dd622a8d1a31eaa8ba7",
                "sha256:4b6bd8144f15a491c662f06814bd8eaa54b17f26095bb775411f39bacaf66837",
                "sha256:4c09868ddb86bf79b1feb4e3e7e4a35cd6e61ddb3452b54e20cf296313622566",
                "sha256:4d1c135af0c72cb28dd259cf7ba218338f4dc027061262e46fe058b4e6a4c6a3",
                "sha256:4ff4ac6ff3aa8f814ac0f50bf218a2e1a434a17aafad4f0400a57a8cc62ef17f",
                "sha256:521877c7bd060470806eb6335926e27453d740ac1958eaf0d8c00911bc5e1802",
                "sha256:522fad7be85de57430d6d287c4b635813932946ebf41b913fe7e880d154ade2e",
                "sha256:5540fba2d437edaf4aa4fbb80f43f42a8334206ad1ad3b27aef577fd989f20d9",
                "sha256:5d6b4af7ad7e4ac515bc6e602e7b79e2204e25dbd10ab3aa2beef3c5a9cad2c7",
                "sha256:5decdc78849617917c206b01e9fc1d694fd58caa961be816cb37d3150d613d9a",
                "sha256:632ecbbd2228575e6860c9e49ea3cc5423764d5aa70b92acc4e74096fb434044",
                "sha256:65b998193bd7b0c7ecdfffbc825d808eac66279313cb67d8892bb259c9d91494",
                "sha256:67093a526e42981fdd954868062e56c9b67fdd7e712616cc3265ad0c210ecb51",
                "sha256:681eb4d37c9a9a6eb9b3245a5e89d7f7b2b9895590bb08a20aa598c1eb0a1d9d",
                "sha256:69bd56b1d257a91e763256d63606937ae4eb890b18a789b66951c00062afec33",
                "sha256:724c1fe135aa437d5126138d977004d165a3b5e2ee98fc4eb3e7c0ef645e7e27",
                "sha256:7255a37ff50593c9b2f1afa8fafd6ef5763213c1ed5a9e2c6f5b9cc925ab979f",
                "sha256:743cd768affaa508a21499f4858c5b824ffa2e1394ed94eb85caf47ac0732198",
                "sha256:80d3bc9944be1d73e5b1726c3bbfd2628d3d7fe2880711b1eb90b617b9b8ac70",
                "sha256:82ff356ff91be0ab2293fc6d8d262451eb6ac4fd999244c4b5f863e049ba219c",
                "sha256:8e8607d8f6b4f9d46fee11447e334d6ab50e993dd4dbfb22f674616ce20907ab",
                "sha256:97202f939c3ff341fc3fa84d15db86156b1edc669424ba20b0a1fcd4a796a045",
                "sha256:9b01e7b00654115965a206e3015f0166674ec1e575198a62a977355597c0bef5",
                "sha256:9fa621b3c0c05d965882c920347b6593751b7ab20d8fa81e426f1735ca1a9fc7",
                "sha256:a1aa6e4cae8e3b8d5321be4f51c5ce77188faf7baa9fe1e78611f93a8eed2882",
                "sha256:a2d30d6c1652140181dc6861f564449ad71a45e4f165a6868c27d36745b65d40",
                "sha256:a649d0f66029c7eb67042b15374bd93a26aae202591d9afd71e111dd0006b198",
                "sha256:a7854326920d41c3b5d468154318fe6ba4390cb2410480976787c640707e0180",
                "sha256:a89acae02b2975b1f8e4974cb8cdf9bf9f6c91162fb8dec50c259ce700f2770a",
                "sha256:a8bbdb166e2fb816e43ab034c865147edafe28e1b19c72433147789ac83e2dda",
                "sha256:ac786f6cb7aa10d44e9641c7a7d16d7f6e095b138795cd43503769d4154e0dc2",
                "sha256:b09bc62e5193e31d7f9876220fb429ec13a6a181a24d897b9edfbbdbcd678851",
                "sha256:b10556817f09d46d420edd982dd0653940b90151d0576f09143a8e773459f6fe",
                "sha256:b81076552d34c27e5149a40187a8f7e2abb2d3185576a317aaf14aeeedad862a",
                "sha256:bdfc54b4468ed4cd7415928cbe782f4d782722a81aeb0f81e2ddca9932632211",
                "sha256:cf6e7d5fe2aeb54898df18db1baf479863eae581cce05410f61f6b4188c8ada1",
                "sha256:cf98038d2abf63a1ada5730e91e84c642ba6c225b0198c3684151b1f80c5f8a6",
                "sha256:d24a9e61df7a7787b338a58abfba975414937b609eb6b18973e25f573bc0eeeb",
                "sha256:d74ee72b5071818a1a5dab47338e87f08a738cb938a3b0653b9e4d959ddd1fd9",
                "sha256:dd16302d39c4d6f4afde80edd0c97d4db643327d355a312762ccd9bd2ca515ed",
                "sha256:dd2fb11922f58df8528adfca123f6a84748ad17d066007e7ac977720063556bd",
                "sha256:deac4bdafa19bbb89edfb73b19f7f69a52d0b5bd3bb0c4ad404c1bbfd7b4b7fd",
                "sha256:e03c3b8cc7883a54c3f34a6a135c4a17bc9088a33f36796acdb47162791b02f6",
                "sha256:e1ec8a9ee0987d4524ffd6299e778c16cc35fef6d1a2764e609f90962f0b293a",
                "sha256:e8603e691580487f11306ecb066c76f1f4a8b54fb3bdb23fa40643a059509366",
                "sha256:f444762fed1bc1fd75187ef14a20ed900c1fbb245d45be9e834b822a0223bc81",
                "sha256:f63600ec06982cdf480899026f4fda622776f5fabed9a869fdb32d72bc17e99a",
                "sha256:fb62d517a516128bacf08cb6a86ecd39fb06d08e7c4980251f5d5601d29989ba"
            ],
            "index": "pypi",
            "version": "==3.17.6"
        },
        "singledispatch": {
            "hashes": [
                "sha256:5b06af87df13818d14f08a028e42f566640aef80805c3b50c5056b086e3c2b9c",
                "sha256:833b46966687b3de7f438c761ac475213e53b306740f1abfaa86e1d1aae56aa8"
            ],
            "version": "==3.4.0.3"
        },
        "six": {
            "hashes": [
                "sha256:3350809f0555b11f552448330d0b52d5f24c91a322ea4a15ef22629740f3761c",
                "sha256:d16a0141ec1a18405cd4ce8b4613101da75da0e9a7aec5bdd4fa804d0e0eba73"
            ],
            "markers": "python_version >= '2.6' and python_version not in '3.0, 3.1, 3.2, 3.3'",
            "version": "==1.12.0"
        },
        "sqlalchemy": {
            "hashes": [
                "sha256:91c54ca8345008fceaec987e10924bf07dcab36c442925357e5a467b36a38319"
            ],
            "index": "pypi",
            "version": "==1.3.3"
        },
        "sqlalchemy-utils": {
            "hashes": [
                "sha256:3f1cb542cf0549a0de508d4919f3ad693a36230bf4cd13fdd6253549fec71182"
            ],
            "version": "==0.33.11"
        },
        "tomli": {
            "hashes": [
                "sha256:939de3e7a6161af0c887ef91b7d41a53e7c5a1ca976325f429cb46ea9bc30ecc",
                "sha256:de526c12914f0c550d15924c62d72abc48d6fe7364aa87328337a31007fe8a4f"
            ],
            "markers": "python_version < '3.11'",
            "version": "==2.0.1"
        },
        "traitlets": {
            "hashes": [
                "sha256:9c4bd2d267b7153df9152698efb1050a5d84982d3384a37b2c1f7723ba3e7835",
                "sha256:c6cb5e6f57c5a9bdaa40fa71ce7b4af30298fbab9ece9815b5d995ab6217c7d9"
            ],
            "version": "==4.3.2"
        },
        "typing-extensions": {
            "hashes": [
                "sha256:6657594ee297170d19f67d55c05852a874e7eb634f4f753dbd667855e07c1708",
                "sha256:f1c24655a0da0d1b67f07e17a5e6b2a105894e6824b92096378bb3668ef02376"
            ],
            "markers": "python_version >= '3.7'",
            "version": "==4.2.0"
        },
        "urllib3": {
            "hashes": [
                "sha256:2393a695cd12afedd0dcb26fe5d50d0cf248e5a66f75dbd89a3d4eb333a61af4",
                "sha256:a637e5fae88995b256e3409dc4d52c2e2e0ba32c42a6365fee8bbd2238de3cfb"
            ],
            "markers": "python_version >= '2.7' and python_version not in '3.0, 3.1, 3.2, 3.3' and python_version < '4'",
            "version": "==1.24.3"
        },
        "wcwidth": {
            "hashes": [
                "sha256:3df37372226d6e63e1b1e1eda15c594bca98a22d33a23832a90998faa96bc65e",
                "sha256:f4ebe71925af7b40a864553f761ed559b43544f8f71746c2d756c7fe788ade7c"
            ],
            "version": "==0.1.7"
        },
        "werkzeug": {
            "hashes": [
                "sha256:2de2a5db0baeae7b2d2664949077c2ac63fbd16d98da0ff71837f7d1dea3fd43",
                "sha256:6c80b1e5ad3665290ea39320b91e1be1e0d5f60652b964a3070216de83d2e47c"
            ],
            "markers": "python_version >= '2.7' and python_version not in '3.0, 3.1, 3.2, 3.3, 3.4'",
            "version": "==1.0.1"
        }
    }
}
